// !$*UTF8*$!
{
	archiveVersion = 1;
	classes = {
	};
	objectVersion = 46;
	objects = {

/* Begin PBXBuildFile section */
		E40AA1FC176D861C00DE68FA /* notice_bg@2x.png in Resources */ = {isa = PBXBuildFile; fileRef = E40AA1FB176D861C00DE68FA /* notice_bg@2x.png */; };
		E410011C174A0CFC00CE3092 /* UIKit.framework in Frameworks */ = {isa = PBXBuildFile; fileRef = E410011B174A0CFC00CE3092 /* UIKit.framework */; };
		E410011E174A0CFC00CE3092 /* Foundation.framework in Frameworks */ = {isa = PBXBuildFile; fileRef = E410011D174A0CFC00CE3092 /* Foundation.framework */; };
		E4100120174A0CFC00CE3092 /* CoreGraphics.framework in Frameworks */ = {isa = PBXBuildFile; fileRef = E410011F174A0CFC00CE3092 /* CoreGraphics.framework */; };
		E4100126174A0CFC00CE3092 /* InfoPlist.strings in Resources */ = {isa = PBXBuildFile; fileRef = E4100124174A0CFC00CE3092 /* InfoPlist.strings */; };
		E4100128174A0CFC00CE3092 /* main.m in Sources */ = {isa = PBXBuildFile; fileRef = E4100127174A0CFC00CE3092 /* main.m */; };
		E410012C174A0CFC00CE3092 /* RTAppDelegate.m in Sources */ = {isa = PBXBuildFile; fileRef = E410012B174A0CFC00CE3092 /* RTAppDelegate.m */; };
		E410012E174A0CFC00CE3092 /* Default.png in Resources */ = {isa = PBXBuildFile; fileRef = E410012D174A0CFC00CE3092 /* Default.png */; };
		E4100130174A0CFC00CE3092 /* Default@2x.png in Resources */ = {isa = PBXBuildFile; fileRef = E410012F174A0CFC00CE3092 /* Default@2x.png */; };
		E4100132174A0CFC00CE3092 /* Default-568h@2x.png in Resources */ = {isa = PBXBuildFile; fileRef = E4100131174A0CFC00CE3092 /* Default-568h@2x.png */; };
		E4100135174A0CFC00CE3092 /* RTFirstViewController.m in Sources */ = {isa = PBXBuildFile; fileRef = E4100134174A0CFC00CE3092 /* RTFirstViewController.m */; };
		E4100143174A0CFC00CE3092 /* RTFirstViewController.xib in Resources */ = {isa = PBXBuildFile; fileRef = E4100141174A0CFC00CE3092 /* RTFirstViewController.xib */; };
		E4100164174A124D00CE3092 /* AFHTTPClient.m in Sources */ = {isa = PBXBuildFile; fileRef = E410014F174A124D00CE3092 /* AFHTTPClient.m */; };
		E4100165174A124D00CE3092 /* AFHTTPRequestOperation.m in Sources */ = {isa = PBXBuildFile; fileRef = E4100151174A124D00CE3092 /* AFHTTPRequestOperation.m */; };
		E4100166174A124D00CE3092 /* AFImageRequestOperation.m in Sources */ = {isa = PBXBuildFile; fileRef = E4100153174A124D00CE3092 /* AFImageRequestOperation.m */; };
		E4100167174A124D00CE3092 /* AFJSONRequestOperation.m in Sources */ = {isa = PBXBuildFile; fileRef = E4100155174A124D00CE3092 /* AFJSONRequestOperation.m */; };
		E4100168174A124D00CE3092 /* AFNetworkActivityIndicatorManager.m in Sources */ = {isa = PBXBuildFile; fileRef = E4100157174A124D00CE3092 /* AFNetworkActivityIndicatorManager.m */; };
		E4100169174A124D00CE3092 /* AFPropertyListRequestOperation.m in Sources */ = {isa = PBXBuildFile; fileRef = E410015A174A124D00CE3092 /* AFPropertyListRequestOperation.m */; };
		E410016A174A124D00CE3092 /* AFURLConnectionOperation.m in Sources */ = {isa = PBXBuildFile; fileRef = E410015C174A124D00CE3092 /* AFURLConnectionOperation.m */; };
		E410016B174A124D00CE3092 /* AFXMLRequestOperation.m in Sources */ = {isa = PBXBuildFile; fileRef = E410015E174A124D00CE3092 /* AFXMLRequestOperation.m */; };
		E410016C174A124D00CE3092 /* UIImageView+AFNetworking.m in Sources */ = {isa = PBXBuildFile; fileRef = E4100160174A124D00CE3092 /* UIImageView+AFNetworking.m */; };
		E410016D174A124D00CE3092 /* JSONKit.m in Sources */ = {isa = PBXBuildFile; fileRef = E4100163174A124D00CE3092 /* JSONKit.m */; settings = {COMPILER_FLAGS = "-fno-objc-arc"; }; };
		E4100174174A12DD00CE3092 /* JMClient.m in Sources */ = {isa = PBXBuildFile; fileRef = E4100171174A12DD00CE3092 /* JMClient.m */; };
		E4100175174A12DD00CE3092 /* JMBasicAction.m in Sources */ = {isa = PBXBuildFile; fileRef = E4100173174A12DD00CE3092 /* JMBasicAction.m */; };
		E410017D174A140600CE3092 /* UIView+GeometryAddition.m in Sources */ = {isa = PBXBuildFile; fileRef = E4100178174A140600CE3092 /* UIView+GeometryAddition.m */; };
		E410017E174A140600CE3092 /* UIView+AnimationAddition.m in Sources */ = {isa = PBXBuildFile; fileRef = E410017A174A140600CE3092 /* UIView+AnimationAddition.m */; };
		E410017F174A140600CE3092 /* NSString+Addition.m in Sources */ = {isa = PBXBuildFile; fileRef = E410017C174A140600CE3092 /* NSString+Addition.m */; };
		E4100185174A148300CE3092 /* MBProgressHUD.m in Sources */ = {isa = PBXBuildFile; fileRef = E4100184174A148300CE3092 /* MBProgressHUD.m */; };
		E4132F521777EC5200E703F6 /* guid_iPhone4@2x.png in Resources */ = {isa = PBXBuildFile; fileRef = E4132F501777EC5200E703F6 /* guid_iPhone4@2x.png */; };
		E4132F531777EC5200E703F6 /* guid_iPhone5@2x.png in Resources */ = {isa = PBXBuildFile; fileRef = E4132F511777EC5200E703F6 /* guid_iPhone5@2x.png */; };
		E4132F5517781EA400E703F6 /* police_avatar@2x.png in Resources */ = {isa = PBXBuildFile; fileRef = E4132F5417781EA400E703F6 /* police_avatar@2x.png */; };
		E413436C175C8A6C00802E38 /* UtilityWidget.m in Sources */ = {isa = PBXBuildFile; fileRef = E413436B175C8A6C00802E38 /* UtilityWidget.m */; settings = {COMPILER_FLAGS = "-fno-objc-arc"; }; };
		E419B85B175DBF6000681289 /* HPGrowingTextView.m in Sources */ = {isa = PBXBuildFile; fileRef = E419B858175DBF6000681289 /* HPGrowingTextView.m */; };
		E419B85C175DBF6000681289 /* HPTextViewInternal.m in Sources */ = {isa = PBXBuildFile; fileRef = E419B85A175DBF6000681289 /* HPTextViewInternal.m */; };
		E419B85F175DBFD900681289 /* RTSendMessageViewController.m in Sources */ = {isa = PBXBuildFile; fileRef = E419B85E175DBFD900681289 /* RTSendMessageViewController.m */; };
		E419B864175DC6F100681289 /* RTMessageListViewController.m in Sources */ = {isa = PBXBuildFile; fileRef = E419B862175DC6F100681289 /* RTMessageListViewController.m */; };
		E419B865175DC6F100681289 /* RTMessageListViewController.xib in Resources */ = {isa = PBXBuildFile; fileRef = E419B863175DC6F100681289 /* RTMessageListViewController.xib */; };
		E419B86D175DCA7500681289 /* RTMessageCell.m in Sources */ = {isa = PBXBuildFile; fileRef = E419B86C175DCA7500681289 /* RTMessageCell.m */; };
		E419B86F175DDEA000681289 /* map_car_icon@2x.png in Resources */ = {isa = PBXBuildFile; fileRef = E419B86E175DDEA000681289 /* map_car_icon@2x.png */; };
		E419B872175DE18D00681289 /* middle_button_on@2x.png in Resources */ = {isa = PBXBuildFile; fileRef = E419B870175DE18D00681289 /* middle_button_on@2x.png */; };
		E419B873175DE18D00681289 /* middle_ radar_on@2x.png in Resources */ = {isa = PBXBuildFile; fileRef = E419B871175DE18D00681289 /* middle_ radar_on@2x.png */; };
		E419B87A175DE21F00681289 /* alarm_button@2x.png in Resources */ = {isa = PBXBuildFile; fileRef = E419B874175DE21F00681289 /* alarm_button@2x.png */; };
		E419B87B175DE21F00681289 /* msg_button@2x.png in Resources */ = {isa = PBXBuildFile; fileRef = E419B875175DE21F00681289 /* msg_button@2x.png */; };
		E419B87D175DE21F00681289 /* light_icon@2x.png in Resources */ = {isa = PBXBuildFile; fileRef = E419B877175DE21F00681289 /* light_icon@2x.png */; };
		E419B87F175DE21F00681289 /* toolbar_bg@2x.png in Resources */ = {isa = PBXBuildFile; fileRef = E419B879175DE21F00681289 /* toolbar_bg@2x.png */; };
		E41C328E175E0D2D00F9D8A0 /* middle_button_off@2x.png in Resources */ = {isa = PBXBuildFile; fileRef = E41C328D175E0D2D00F9D8A0 /* middle_button_off@2x.png */; };
		E43003F6174FAB5900D9B2EE /* UserInfo.m in Sources */ = {isa = PBXBuildFile; fileRef = E43003F5174FAB5900D9B2EE /* UserInfo.m */; };
		E4397861174C5CC0009FD529 /* libbaidumapapi.a in Frameworks */ = {isa = PBXBuildFile; fileRef = E4397860174C5CC0009FD529 /* libbaidumapapi.a */; };
		E4397863174C5D58009FD529 /* CoreLocation.framework in Frameworks */ = {isa = PBXBuildFile; fileRef = E4397862174C5D58009FD529 /* CoreLocation.framework */; };
		E4397865174C5D5E009FD529 /* QuartzCore.framework in Frameworks */ = {isa = PBXBuildFile; fileRef = E4397864174C5D5E009FD529 /* QuartzCore.framework */; };
		E4397867174C5D90009FD529 /* mapapi.bundle in Resources */ = {isa = PBXBuildFile; fileRef = E4397866174C5D90009FD529 /* mapapi.bundle */; };
		E4397889174C623E009FD529 /* MapKit.framework in Frameworks */ = {isa = PBXBuildFile; fileRef = E4397888174C623E009FD529 /* MapKit.framework */; };
		E43978AD174C6D0D009FD529 /* libstdc++.dylib in Frameworks */ = {isa = PBXBuildFile; fileRef = E43978AC174C6D0D009FD529 /* libstdc++.dylib */; };
		E4478CEC175F124100FD2BF3 /* AlarmAnnotation.m in Sources */ = {isa = PBXBuildFile; fileRef = E4478CEB175F124100FD2BF3 /* AlarmAnnotation.m */; };
		E4518F521771AD7500DBEF95 /* MaskView.m in Sources */ = {isa = PBXBuildFile; fileRef = E4518F511771AD7500DBEF95 /* MaskView.m */; };
		E4518F561771D5C300DBEF95 /* address_location_icon@2x.png in Resources */ = {isa = PBXBuildFile; fileRef = E4518F541771D5C300DBEF95 /* address_location_icon@2x.png */; };
		E4518F571771D5C300DBEF95 /* address_bg@2x.png in Resources */ = {isa = PBXBuildFile; fileRef = E4518F551771D5C300DBEF95 /* address_bg@2x.png */; };
		E4518F5A1771D84C00DBEF95 /* P_button_pressed@2x.png in Resources */ = {isa = PBXBuildFile; fileRef = E4518F581771D84C00DBEF95 /* P_button_pressed@2x.png */; };
		E4518F5B1771D84C00DBEF95 /* P_button@2x.png in Resources */ = {isa = PBXBuildFile; fileRef = E4518F591771D84C00DBEF95 /* P_button@2x.png */; };
		E4518F5D1771DA3700DBEF95 /* location_nav@2x.png in Resources */ = {isa = PBXBuildFile; fileRef = E4518F5C1771DA3700DBEF95 /* location_nav@2x.png */; };
		E4518F601771DD3100DBEF95 /* cancel_button_pressed@2x.png in Resources */ = {isa = PBXBuildFile; fileRef = E4518F5E1771DD3000DBEF95 /* cancel_button_pressed@2x.png */; };
		E4518F611771DD3100DBEF95 /* cancel_button@2x.png in Resources */ = {isa = PBXBuildFile; fileRef = E4518F5F1771DD3000DBEF95 /* cancel_button@2x.png */; };
		E4650A061759C912002DF6FF /* SystemConfiguration.framework in Frameworks */ = {isa = PBXBuildFile; fileRef = E4650A051759C912002DF6FF /* SystemConfiguration.framework */; };
		E46DC12B17700BE100F41711 /* alarm_new_button@2x.png in Resources */ = {isa = PBXBuildFile; fileRef = E46DC12A17700BE100F41711 /* alarm_new_button@2x.png */; };
		E48D99AE177298D700E4801B /* RTGuidViewController.m in Sources */ = {isa = PBXBuildFile; fileRef = E48D99AC177298D700E4801B /* RTGuidViewController.m */; };
		E48D99AF177298D700E4801B /* RTGuidViewController.xib in Resources */ = {isa = PBXBuildFile; fileRef = E48D99AD177298D700E4801B /* RTGuidViewController.xib */; };
		E48D99B2177299AC00E4801B /* guid_down_page@2x.png in Resources */ = {isa = PBXBuildFile; fileRef = E48D99B0177299AC00E4801B /* guid_down_page@2x.png */; };
		E48D99B3177299AC00E4801B /* guid_up_page@2x.png in Resources */ = {isa = PBXBuildFile; fileRef = E48D99B1177299AC00E4801B /* guid_up_page@2x.png */; };
		E48D99B51772D8FC00E4801B /* Icon.png in Resources */ = {isa = PBXBuildFile; fileRef = E48D99B41772D8FB00E4801B /* Icon.png */; };
		E48D99B71772D90100E4801B /* Icon@2x.png in Resources */ = {isa = PBXBuildFile; fileRef = E48D99B61772D90100E4801B /* Icon@2x.png */; };
		E48F6C05176341E300F1A822 /* msg_button_pressed@2x.png in Resources */ = {isa = PBXBuildFile; fileRef = E48F6C04176341E300F1A822 /* msg_button_pressed@2x.png */; };
		E48F6C07176342A400F1A822 /* alarm_button_pressed@2x.png in Resources */ = {isa = PBXBuildFile; fileRef = E48F6C06176342A400F1A822 /* alarm_button_pressed@2x.png */; };
		E48F6C0A1763449300F1A822 /* send_button_pressed@2x.png in Resources */ = {isa = PBXBuildFile; fileRef = E48F6C081763449300F1A822 /* send_button_pressed@2x.png */; };
		E48F6C0E176344D700F1A822 /* send_button@2x.png in Resources */ = {isa = PBXBuildFile; fileRef = E48F6C0C176344D700F1A822 /* send_button@2x.png */; };
		E48F6C0F176344D700F1A822 /* textbox_bg@2x.png in Resources */ = {isa = PBXBuildFile; fileRef = E48F6C0D176344D700F1A822 /* textbox_bg@2x.png */; };
		E48F6C1217635D2900F1A822 /* MyLocationAnnotation.m in Sources */ = {isa = PBXBuildFile; fileRef = E48F6C1117635D2900F1A822 /* MyLocationAnnotation.m */; };
		E49877FD174CC81100ABA65E /* NetAction.m in Sources */ = {isa = PBXBuildFile; fileRef = E49877FC174CC81100ABA65E /* NetAction.m */; };
		E4A74B4F176DB5E1006CA6FC /* BaseAdapterContent.m in Sources */ = {isa = PBXBuildFile; fileRef = E4A74B4E176DB5E1006CA6FC /* BaseAdapterContent.m */; };
		E4A74B52176DB6CB006CA6FC /* RTMessageAdapter.m in Sources */ = {isa = PBXBuildFile; fileRef = E4A74B51176DB6CB006CA6FC /* RTMessageAdapter.m */; };
		E4A74B56176DBF88006CA6FC /* notice_bubble@2x.png in Resources */ = {isa = PBXBuildFile; fileRef = E4A74B55176DBF88006CA6FC /* notice_bubble@2x.png */; };
		E4D69766175F797400833BD6 /* map_stop@2x.png in Resources */ = {isa = PBXBuildFile; fileRef = E4D69764175F797300833BD6 /* map_stop@2x.png */; };
		E4D69767175F797400833BD6 /* map_move@2x.png in Resources */ = {isa = PBXBuildFile; fileRef = E4D69765175F797300833BD6 /* map_move@2x.png */; };
		E4FE8910175D8836006ABA6D /* JMBaseListViewController.m in Sources */ = {isa = PBXBuildFile; fileRef = E4FE890F175D8836006ABA6D /* JMBaseListViewController.m */; };
		E4FE8913175D8863006ABA6D /* EGORefreshTableFootView.m in Sources */ = {isa = PBXBuildFile; fileRef = E4FE8912175D8863006ABA6D /* EGORefreshTableFootView.m */; };
		E4FE8916175D8E5D006ABA6D /* BaseCell.m in Sources */ = {isa = PBXBuildFile; fileRef = E4FE8915175D8E5D006ABA6D /* BaseCell.m */; };
/* End PBXBuildFile section */

/* Begin PBXFileReference section */
		E40AA1FB176D861C00DE68FA /* notice_bg@2x.png */ = {isa = PBXFileReference; lastKnownFileType = image.png; path = "notice_bg@2x.png"; sourceTree = "<group>"; };
		E4100118174A0CFC00CE3092 /* Police.app */ = {isa = PBXFileReference; explicitFileType = wrapper.application; includeInIndex = 0; path = Police.app; sourceTree = BUILT_PRODUCTS_DIR; };
		E410011B174A0CFC00CE3092 /* UIKit.framework */ = {isa = PBXFileReference; lastKnownFileType = wrapper.framework; name = UIKit.framework; path = System/Library/Frameworks/UIKit.framework; sourceTree = SDKROOT; };
		E410011D174A0CFC00CE3092 /* Foundation.framework */ = {isa = PBXFileReference; lastKnownFileType = wrapper.framework; name = Foundation.framework; path = System/Library/Frameworks/Foundation.framework; sourceTree = SDKROOT; };
		E410011F174A0CFC00CE3092 /* CoreGraphics.framework */ = {isa = PBXFileReference; lastKnownFileType = wrapper.framework; name = CoreGraphics.framework; path = System/Library/Frameworks/CoreGraphics.framework; sourceTree = SDKROOT; };
		E4100123174A0CFC00CE3092 /* Police-Info.plist */ = {isa = PBXFileReference; lastKnownFileType = text.plist.xml; path = "Police-Info.plist"; sourceTree = "<group>"; };
		E4100125174A0CFC00CE3092 /* en */ = {isa = PBXFileReference; lastKnownFileType = text.plist.strings; name = en; path = en.lproj/InfoPlist.strings; sourceTree = "<group>"; };
		E4100127174A0CFC00CE3092 /* main.m */ = {isa = PBXFileReference; lastKnownFileType = sourcecode.c.objc; path = main.m; sourceTree = "<group>"; };
		E4100129174A0CFC00CE3092 /* Police-Prefix.pch */ = {isa = PBXFileReference; lastKnownFileType = sourcecode.c.h; path = "Police-Prefix.pch"; sourceTree = "<group>"; };
		E410012A174A0CFC00CE3092 /* RTAppDelegate.h */ = {isa = PBXFileReference; lastKnownFileType = sourcecode.c.h; path = RTAppDelegate.h; sourceTree = "<group>"; };
		E410012B174A0CFC00CE3092 /* RTAppDelegate.m */ = {isa = PBXFileReference; lastKnownFileType = sourcecode.c.objc; path = RTAppDelegate.m; sourceTree = "<group>"; };
		E410012D174A0CFC00CE3092 /* Default.png */ = {isa = PBXFileReference; lastKnownFileType = image.png; path = Default.png; sourceTree = "<group>"; };
		E410012F174A0CFC00CE3092 /* Default@2x.png */ = {isa = PBXFileReference; lastKnownFileType = image.png; path = "Default@2x.png"; sourceTree = "<group>"; };
		E4100131174A0CFC00CE3092 /* Default-568h@2x.png */ = {isa = PBXFileReference; lastKnownFileType = image.png; path = "Default-568h@2x.png"; sourceTree = "<group>"; };
		E4100133174A0CFC00CE3092 /* RTFirstViewController.h */ = {isa = PBXFileReference; lastKnownFileType = sourcecode.c.h; path = RTFirstViewController.h; sourceTree = "<group>"; };
		E4100134174A0CFC00CE3092 /* RTFirstViewController.m */ = {isa = PBXFileReference; lastKnownFileType = sourcecode.c.objc; path = RTFirstViewController.m; sourceTree = "<group>"; };
		E4100142174A0CFC00CE3092 /* en */ = {isa = PBXFileReference; lastKnownFileType = file.xib; name = en; path = en.lproj/RTFirstViewController.xib; sourceTree = "<group>"; };
		E410014E174A124D00CE3092 /* AFHTTPClient.h */ = {isa = PBXFileReference; fileEncoding = 4; lastKnownFileType = sourcecode.c.h; path = AFHTTPClient.h; sourceTree = "<group>"; };
		E410014F174A124D00CE3092 /* AFHTTPClient.m */ = {isa = PBXFileReference; fileEncoding = 4; lastKnownFileType = sourcecode.c.objc; path = AFHTTPClient.m; sourceTree = "<group>"; };
		E4100150174A124D00CE3092 /* AFHTTPRequestOperation.h */ = {isa = PBXFileReference; fileEncoding = 4; lastKnownFileType = sourcecode.c.h; path = AFHTTPRequestOperation.h; sourceTree = "<group>"; };
		E4100151174A124D00CE3092 /* AFHTTPRequestOperation.m */ = {isa = PBXFileReference; fileEncoding = 4; lastKnownFileType = sourcecode.c.objc; path = AFHTTPRequestOperation.m; sourceTree = "<group>"; };
		E4100152174A124D00CE3092 /* AFImageRequestOperation.h */ = {isa = PBXFileReference; fileEncoding = 4; lastKnownFileType = sourcecode.c.h; path = AFImageRequestOperation.h; sourceTree = "<group>"; };
		E4100153174A124D00CE3092 /* AFImageRequestOperation.m */ = {isa = PBXFileReference; fileEncoding = 4; lastKnownFileType = sourcecode.c.objc; path = AFImageRequestOperation.m; sourceTree = "<group>"; };
		E4100154174A124D00CE3092 /* AFJSONRequestOperation.h */ = {isa = PBXFileReference; fileEncoding = 4; lastKnownFileType = sourcecode.c.h; path = AFJSONRequestOperation.h; sourceTree = "<group>"; };
		E4100155174A124D00CE3092 /* AFJSONRequestOperation.m */ = {isa = PBXFileReference; fileEncoding = 4; lastKnownFileType = sourcecode.c.objc; path = AFJSONRequestOperation.m; sourceTree = "<group>"; };
		E4100156174A124D00CE3092 /* AFNetworkActivityIndicatorManager.h */ = {isa = PBXFileReference; fileEncoding = 4; lastKnownFileType = sourcecode.c.h; path = AFNetworkActivityIndicatorManager.h; sourceTree = "<group>"; };
		E4100157174A124D00CE3092 /* AFNetworkActivityIndicatorManager.m */ = {isa = PBXFileReference; fileEncoding = 4; lastKnownFileType = sourcecode.c.objc; path = AFNetworkActivityIndicatorManager.m; sourceTree = "<group>"; };
		E4100158174A124D00CE3092 /* AFNetworking.h */ = {isa = PBXFileReference; fileEncoding = 4; lastKnownFileType = sourcecode.c.h; path = AFNetworking.h; sourceTree = "<group>"; };
		E4100159174A124D00CE3092 /* AFPropertyListRequestOperation.h */ = {isa = PBXFileReference; fileEncoding = 4; lastKnownFileType = sourcecode.c.h; path = AFPropertyListRequestOperation.h; sourceTree = "<group>"; };
		E410015A174A124D00CE3092 /* AFPropertyListRequestOperation.m */ = {isa = PBXFileReference; fileEncoding = 4; lastKnownFileType = sourcecode.c.objc; path = AFPropertyListRequestOperation.m; sourceTree = "<group>"; };
		E410015B174A124D00CE3092 /* AFURLConnectionOperation.h */ = {isa = PBXFileReference; fileEncoding = 4; lastKnownFileType = sourcecode.c.h; path = AFURLConnectionOperation.h; sourceTree = "<group>"; };
		E410015C174A124D00CE3092 /* AFURLConnectionOperation.m */ = {isa = PBXFileReference; fileEncoding = 4; lastKnownFileType = sourcecode.c.objc; path = AFURLConnectionOperation.m; sourceTree = "<group>"; };
		E410015D174A124D00CE3092 /* AFXMLRequestOperation.h */ = {isa = PBXFileReference; fileEncoding = 4; lastKnownFileType = sourcecode.c.h; path = AFXMLRequestOperation.h; sourceTree = "<group>"; };
		E410015E174A124D00CE3092 /* AFXMLRequestOperation.m */ = {isa = PBXFileReference; fileEncoding = 4; lastKnownFileType = sourcecode.c.objc; path = AFXMLRequestOperation.m; sourceTree = "<group>"; };
		E410015F174A124D00CE3092 /* UIImageView+AFNetworking.h */ = {isa = PBXFileReference; fileEncoding = 4; lastKnownFileType = sourcecode.c.h; path = "UIImageView+AFNetworking.h"; sourceTree = "<group>"; };
		E4100160174A124D00CE3092 /* UIImageView+AFNetworking.m */ = {isa = PBXFileReference; fileEncoding = 4; lastKnownFileType = sourcecode.c.objc; path = "UIImageView+AFNetworking.m"; sourceTree = "<group>"; };
		E4100162174A124D00CE3092 /* JSONKit.h */ = {isa = PBXFileReference; fileEncoding = 4; lastKnownFileType = sourcecode.c.h; path = JSONKit.h; sourceTree = "<group>"; };
		E4100163174A124D00CE3092 /* JSONKit.m */ = {isa = PBXFileReference; fileEncoding = 4; lastKnownFileType = sourcecode.c.objc; path = JSONKit.m; sourceTree = "<group>"; };
		E410016F174A12DD00CE3092 /* URLDefine.h */ = {isa = PBXFileReference; fileEncoding = 4; lastKnownFileType = sourcecode.c.h; path = URLDefine.h; sourceTree = "<group>"; };
		E4100170174A12DD00CE3092 /* JMClient.h */ = {isa = PBXFileReference; fileEncoding = 4; lastKnownFileType = sourcecode.c.h; path = JMClient.h; sourceTree = "<group>"; };
		E4100171174A12DD00CE3092 /* JMClient.m */ = {isa = PBXFileReference; fileEncoding = 4; lastKnownFileType = sourcecode.c.objc; path = JMClient.m; sourceTree = "<group>"; };
		E4100172174A12DD00CE3092 /* JMBasicAction.h */ = {isa = PBXFileReference; fileEncoding = 4; lastKnownFileType = sourcecode.c.h; path = JMBasicAction.h; sourceTree = "<group>"; };
		E4100173174A12DD00CE3092 /* JMBasicAction.m */ = {isa = PBXFileReference; fileEncoding = 4; lastKnownFileType = sourcecode.c.objc; path = JMBasicAction.m; sourceTree = "<group>"; };
		E4100177174A140600CE3092 /* UIView+GeometryAddition.h */ = {isa = PBXFileReference; fileEncoding = 4; lastKnownFileType = sourcecode.c.h; path = "UIView+GeometryAddition.h"; sourceTree = "<group>"; };
		E4100178174A140600CE3092 /* UIView+GeometryAddition.m */ = {isa = PBXFileReference; fileEncoding = 4; lastKnownFileType = sourcecode.c.objc; path = "UIView+GeometryAddition.m"; sourceTree = "<group>"; };
		E4100179174A140600CE3092 /* UIView+AnimationAddition.h */ = {isa = PBXFileReference; fileEncoding = 4; lastKnownFileType = sourcecode.c.h; path = "UIView+AnimationAddition.h"; sourceTree = "<group>"; };
		E410017A174A140600CE3092 /* UIView+AnimationAddition.m */ = {isa = PBXFileReference; fileEncoding = 4; lastKnownFileType = sourcecode.c.objc; path = "UIView+AnimationAddition.m"; sourceTree = "<group>"; };
		E410017B174A140600CE3092 /* NSString+Addition.h */ = {isa = PBXFileReference; fileEncoding = 4; lastKnownFileType = sourcecode.c.h; path = "NSString+Addition.h"; sourceTree = "<group>"; };
		E410017C174A140600CE3092 /* NSString+Addition.m */ = {isa = PBXFileReference; fileEncoding = 4; lastKnownFileType = sourcecode.c.objc; path = "NSString+Addition.m"; sourceTree = "<group>"; };
		E4100183174A148300CE3092 /* MBProgressHUD.h */ = {isa = PBXFileReference; fileEncoding = 4; lastKnownFileType = sourcecode.c.h; path = MBProgressHUD.h; sourceTree = "<group>"; };
		E4100184174A148300CE3092 /* MBProgressHUD.m */ = {isa = PBXFileReference; fileEncoding = 4; lastKnownFileType = sourcecode.c.objc; path = MBProgressHUD.m; sourceTree = "<group>"; };
		E4132F501777EC5200E703F6 /* guid_iPhone4@2x.png */ = {isa = PBXFileReference; lastKnownFileType = image.png; path = "guid_iPhone4@2x.png"; sourceTree = "<group>"; };
		E4132F511777EC5200E703F6 /* guid_iPhone5@2x.png */ = {isa = PBXFileReference; lastKnownFileType = image.png; path = "guid_iPhone5@2x.png"; sourceTree = "<group>"; };
		E4132F5417781EA400E703F6 /* police_avatar@2x.png */ = {isa = PBXFileReference; lastKnownFileType = image.png; path = "police_avatar@2x.png"; sourceTree = "<group>"; };
		E413436A175C8A6C00802E38 /* UtilityWidget.h */ = {isa = PBXFileReference; fileEncoding = 4; lastKnownFileType = sourcecode.c.h; path = UtilityWidget.h; sourceTree = "<group>"; };
		E413436B175C8A6C00802E38 /* UtilityWidget.m */ = {isa = PBXFileReference; fileEncoding = 4; lastKnownFileType = sourcecode.c.objc; path = UtilityWidget.m; sourceTree = "<group>"; };
		E419B857175DBF6000681289 /* HPGrowingTextView.h */ = {isa = PBXFileReference; fileEncoding = 4; lastKnownFileType = sourcecode.c.h; path = HPGrowingTextView.h; sourceTree = "<group>"; };
		E419B858175DBF6000681289 /* HPGrowingTextView.m */ = {isa = PBXFileReference; fileEncoding = 4; lastKnownFileType = sourcecode.c.objc; path = HPGrowingTextView.m; sourceTree = "<group>"; };
		E419B859175DBF6000681289 /* HPTextViewInternal.h */ = {isa = PBXFileReference; fileEncoding = 4; lastKnownFileType = sourcecode.c.h; path = HPTextViewInternal.h; sourceTree = "<group>"; };
		E419B85A175DBF6000681289 /* HPTextViewInternal.m */ = {isa = PBXFileReference; fileEncoding = 4; lastKnownFileType = sourcecode.c.objc; path = HPTextViewInternal.m; sourceTree = "<group>"; };
		E419B85D175DBFD900681289 /* RTSendMessageViewController.h */ = {isa = PBXFileReference; fileEncoding = 4; lastKnownFileType = sourcecode.c.h; path = RTSendMessageViewController.h; sourceTree = "<group>"; };
		E419B85E175DBFD900681289 /* RTSendMessageViewController.m */ = {isa = PBXFileReference; fileEncoding = 4; lastKnownFileType = sourcecode.c.objc; path = RTSendMessageViewController.m; sourceTree = "<group>"; };
		E419B861175DC6F100681289 /* RTMessageListViewController.h */ = {isa = PBXFileReference; fileEncoding = 4; lastKnownFileType = sourcecode.c.h; path = RTMessageListViewController.h; sourceTree = "<group>"; };
		E419B862175DC6F100681289 /* RTMessageListViewController.m */ = {isa = PBXFileReference; fileEncoding = 4; lastKnownFileType = sourcecode.c.objc; path = RTMessageListViewController.m; sourceTree = "<group>"; };
		E419B863175DC6F100681289 /* RTMessageListViewController.xib */ = {isa = PBXFileReference; fileEncoding = 4; lastKnownFileType = file.xib; path = RTMessageListViewController.xib; sourceTree = "<group>"; };
		E419B86B175DCA7500681289 /* RTMessageCell.h */ = {isa = PBXFileReference; fileEncoding = 4; lastKnownFileType = sourcecode.c.h; path = RTMessageCell.h; sourceTree = "<group>"; };
		E419B86C175DCA7500681289 /* RTMessageCell.m */ = {isa = PBXFileReference; fileEncoding = 4; lastKnownFileType = sourcecode.c.objc; path = RTMessageCell.m; sourceTree = "<group>"; };
		E419B86E175DDEA000681289 /* map_car_icon@2x.png */ = {isa = PBXFileReference; lastKnownFileType = image.png; path = "map_car_icon@2x.png"; sourceTree = "<group>"; };
		E419B870175DE18D00681289 /* middle_button_on@2x.png */ = {isa = PBXFileReference; lastKnownFileType = image.png; path = "middle_button_on@2x.png"; sourceTree = "<group>"; };
		E419B871175DE18D00681289 /* middle_ radar_on@2x.png */ = {isa = PBXFileReference; lastKnownFileType = image.png; path = "middle_ radar_on@2x.png"; sourceTree = "<group>"; };
		E419B874175DE21F00681289 /* alarm_button@2x.png */ = {isa = PBXFileReference; lastKnownFileType = image.png; path = "alarm_button@2x.png"; sourceTree = "<group>"; };
		E419B875175DE21F00681289 /* msg_button@2x.png */ = {isa = PBXFileReference; lastKnownFileType = image.png; path = "msg_button@2x.png"; sourceTree = "<group>"; };
		E419B877175DE21F00681289 /* light_icon@2x.png */ = {isa = PBXFileReference; lastKnownFileType = image.png; path = "light_icon@2x.png"; sourceTree = "<group>"; };
		E419B879175DE21F00681289 /* toolbar_bg@2x.png */ = {isa = PBXFileReference; lastKnownFileType = image.png; path = "toolbar_bg@2x.png"; sourceTree = "<group>"; };
		E41C328D175E0D2D00F9D8A0 /* middle_button_off@2x.png */ = {isa = PBXFileReference; lastKnownFileType = image.png; path = "middle_button_off@2x.png"; sourceTree = "<group>"; };
		E43003F4174FAB5900D9B2EE /* UserInfo.h */ = {isa = PBXFileReference; fileEncoding = 4; lastKnownFileType = sourcecode.c.h; path = UserInfo.h; sourceTree = "<group>"; };
		E43003F5174FAB5900D9B2EE /* UserInfo.m */ = {isa = PBXFileReference; fileEncoding = 4; lastKnownFileType = sourcecode.c.objc; path = UserInfo.m; sourceTree = "<group>"; };
		E4397860174C5CC0009FD529 /* libbaidumapapi.a */ = {isa = PBXFileReference; lastKnownFileType = archive.ar; path = libbaidumapapi.a; sourceTree = "<group>"; };
		E4397862174C5D58009FD529 /* CoreLocation.framework */ = {isa = PBXFileReference; lastKnownFileType = wrapper.framework; name = CoreLocation.framework; path = System/Library/Frameworks/CoreLocation.framework; sourceTree = SDKROOT; };
		E4397864174C5D5E009FD529 /* QuartzCore.framework */ = {isa = PBXFileReference; lastKnownFileType = wrapper.framework; name = QuartzCore.framework; path = System/Library/Frameworks/QuartzCore.framework; sourceTree = SDKROOT; };
		E4397866174C5D90009FD529 /* mapapi.bundle */ = {isa = PBXFileReference; lastKnownFileType = "wrapper.plug-in"; path = mapapi.bundle; sourceTree = "<group>"; };
		E4397869174C5DDC009FD529 /* BMapKit.h */ = {isa = PBXFileReference; fileEncoding = 4; lastKnownFileType = sourcecode.c.h; path = BMapKit.h; sourceTree = "<group>"; };
		E439786A174C5DDC009FD529 /* BMKAnnotation.h */ = {isa = PBXFileReference; fileEncoding = 4; lastKnownFileType = sourcecode.c.h; path = BMKAnnotation.h; sourceTree = "<group>"; };
		E439786B174C5DDC009FD529 /* BMKAnnotationView.h */ = {isa = PBXFileReference; fileEncoding = 4; lastKnownFileType = sourcecode.c.h; path = BMKAnnotationView.h; sourceTree = "<group>"; };
		E439786C174C5DDC009FD529 /* BMKCircle.h */ = {isa = PBXFileReference; fileEncoding = 4; lastKnownFileType = sourcecode.c.h; path = BMKCircle.h; sourceTree = "<group>"; };
		E439786D174C5DDC009FD529 /* BMKCircleView.h */ = {isa = PBXFileReference; fileEncoding = 4; lastKnownFileType = sourcecode.c.h; path = BMKCircleView.h; sourceTree = "<group>"; };
		E439786E174C5DDC009FD529 /* BMKGeneralDelegate.h */ = {isa = PBXFileReference; fileEncoding = 4; lastKnownFileType = sourcecode.c.h; path = BMKGeneralDelegate.h; sourceTree = "<group>"; };
		E439786F174C5DDC009FD529 /* BMKGeocodeType.h */ = {isa = PBXFileReference; fileEncoding = 4; lastKnownFileType = sourcecode.c.h; path = BMKGeocodeType.h; sourceTree = "<group>"; };
		E4397870174C5DDC009FD529 /* BMKGeometry.h */ = {isa = PBXFileReference; fileEncoding = 4; lastKnownFileType = sourcecode.c.h; path = BMKGeometry.h; sourceTree = "<group>"; };
		E4397871174C5DDC009FD529 /* BMKMapManager.h */ = {isa = PBXFileReference; fileEncoding = 4; lastKnownFileType = sourcecode.c.h; path = BMKMapManager.h; sourceTree = "<group>"; };
		E4397872174C5DDC009FD529 /* BMKMapView.h */ = {isa = PBXFileReference; fileEncoding = 4; lastKnownFileType = sourcecode.c.h; path = BMKMapView.h; sourceTree = "<group>"; };
		E4397873174C5DDC009FD529 /* BMKMultiPoint.h */ = {isa = PBXFileReference; fileEncoding = 4; lastKnownFileType = sourcecode.c.h; path = BMKMultiPoint.h; sourceTree = "<group>"; };
		E4397874174C5DDC009FD529 /* BMKOfflineMap.h */ = {isa = PBXFileReference; fileEncoding = 4; lastKnownFileType = sourcecode.c.h; path = BMKOfflineMap.h; sourceTree = "<group>"; };
		E4397875174C5DDC009FD529 /* BMKOfflineMapType.h */ = {isa = PBXFileReference; fileEncoding = 4; lastKnownFileType = sourcecode.c.h; path = BMKOfflineMapType.h; sourceTree = "<group>"; };
		E4397876174C5DDC009FD529 /* BMKOverlay.h */ = {isa = PBXFileReference; fileEncoding = 4; lastKnownFileType = sourcecode.c.h; path = BMKOverlay.h; sourceTree = "<group>"; };
		E4397877174C5DDC009FD529 /* BMKOverlayPathView.h */ = {isa = PBXFileReference; fileEncoding = 4; lastKnownFileType = sourcecode.c.h; path = BMKOverlayPathView.h; sourceTree = "<group>"; };
		E4397878174C5DDC009FD529 /* BMKOverlayView.h */ = {isa = PBXFileReference; fileEncoding = 4; lastKnownFileType = sourcecode.c.h; path = BMKOverlayView.h; sourceTree = "<group>"; };
		E4397879174C5DDC009FD529 /* BMKPinAnnotationView.h */ = {isa = PBXFileReference; fileEncoding = 4; lastKnownFileType = sourcecode.c.h; path = BMKPinAnnotationView.h; sourceTree = "<group>"; };
		E439787A174C5DDC009FD529 /* BMKPointAnnotation.h */ = {isa = PBXFileReference; fileEncoding = 4; lastKnownFileType = sourcecode.c.h; path = BMKPointAnnotation.h; sourceTree = "<group>"; };
		E439787B174C5DDC009FD529 /* BMKPoiSearchType.h */ = {isa = PBXFileReference; fileEncoding = 4; lastKnownFileType = sourcecode.c.h; path = BMKPoiSearchType.h; sourceTree = "<group>"; };
		E439787C174C5DDC009FD529 /* BMKPolygon.h */ = {isa = PBXFileReference; fileEncoding = 4; lastKnownFileType = sourcecode.c.h; path = BMKPolygon.h; sourceTree = "<group>"; };
		E439787D174C5DDC009FD529 /* BMKPolygonView.h */ = {isa = PBXFileReference; fileEncoding = 4; lastKnownFileType = sourcecode.c.h; path = BMKPolygonView.h; sourceTree = "<group>"; };
		E439787E174C5DDC009FD529 /* BMKPolyline.h */ = {isa = PBXFileReference; fileEncoding = 4; lastKnownFileType = sourcecode.c.h; path = BMKPolyline.h; sourceTree = "<group>"; };
		E439787F174C5DDC009FD529 /* BMKPolylineView.h */ = {isa = PBXFileReference; fileEncoding = 4; lastKnownFileType = sourcecode.c.h; path = BMKPolylineView.h; sourceTree = "<group>"; };
		E4397880174C5DDC009FD529 /* BMKRouteSearchType.h */ = {isa = PBXFileReference; fileEncoding = 4; lastKnownFileType = sourcecode.c.h; path = BMKRouteSearchType.h; sourceTree = "<group>"; };
		E4397881174C5DDC009FD529 /* BMKSearch.h */ = {isa = PBXFileReference; fileEncoding = 4; lastKnownFileType = sourcecode.c.h; path = BMKSearch.h; sourceTree = "<group>"; };
		E4397882174C5DDC009FD529 /* BMKShape.h */ = {isa = PBXFileReference; fileEncoding = 4; lastKnownFileType = sourcecode.c.h; path = BMKShape.h; sourceTree = "<group>"; };
		E4397883174C5DDC009FD529 /* BMKTypes.h */ = {isa = PBXFileReference; fileEncoding = 4; lastKnownFileType = sourcecode.c.h; path = BMKTypes.h; sourceTree = "<group>"; };
		E4397884174C5DDC009FD529 /* BMKUserLocation.h */ = {isa = PBXFileReference; fileEncoding = 4; lastKnownFileType = sourcecode.c.h; path = BMKUserLocation.h; sourceTree = "<group>"; };
		E4397885174C5DDC009FD529 /* BMKVersion.h */ = {isa = PBXFileReference; fileEncoding = 4; lastKnownFileType = sourcecode.c.h; path = BMKVersion.h; sourceTree = "<group>"; };
		E4397886174C5E50009FD529 /* global.h */ = {isa = PBXFileReference; fileEncoding = 4; lastKnownFileType = sourcecode.c.h; path = global.h; sourceTree = "<group>"; };
		E4397887174C5E80009FD529 /* JMDebug.h */ = {isa = PBXFileReference; fileEncoding = 4; lastKnownFileType = sourcecode.c.h; path = JMDebug.h; sourceTree = "<group>"; };
		E4397888174C623E009FD529 /* MapKit.framework */ = {isa = PBXFileReference; lastKnownFileType = wrapper.framework; name = MapKit.framework; path = System/Library/Frameworks/MapKit.framework; sourceTree = SDKROOT; };
		E43978AC174C6D0D009FD529 /* libstdc++.dylib */ = {isa = PBXFileReference; lastKnownFileType = "compiled.mach-o.dylib"; name = "libstdc++.dylib"; path = "usr/lib/libstdc++.dylib"; sourceTree = SDKROOT; };
		E4478CEA175F124100FD2BF3 /* AlarmAnnotation.h */ = {isa = PBXFileReference; fileEncoding = 4; lastKnownFileType = sourcecode.c.h; path = AlarmAnnotation.h; sourceTree = "<group>"; };
		E4478CEB175F124100FD2BF3 /* AlarmAnnotation.m */ = {isa = PBXFileReference; fileEncoding = 4; lastKnownFileType = sourcecode.c.objc; path = AlarmAnnotation.m; sourceTree = "<group>"; };
		E4518F501771AD7500DBEF95 /* MaskView.h */ = {isa = PBXFileReference; fileEncoding = 4; lastKnownFileType = sourcecode.c.h; path = MaskView.h; sourceTree = "<group>"; };
		E4518F511771AD7500DBEF95 /* MaskView.m */ = {isa = PBXFileReference; fileEncoding = 4; lastKnownFileType = sourcecode.c.objc; path = MaskView.m; sourceTree = "<group>"; };
		E4518F541771D5C300DBEF95 /* address_location_icon@2x.png */ = {isa = PBXFileReference; lastKnownFileType = image.png; path = "address_location_icon@2x.png"; sourceTree = "<group>"; };
		E4518F551771D5C300DBEF95 /* address_bg@2x.png */ = {isa = PBXFileReference; lastKnownFileType = image.png; path = "address_bg@2x.png"; sourceTree = "<group>"; };
		E4518F581771D84C00DBEF95 /* P_button_pressed@2x.png */ = {isa = PBXFileReference; lastKnownFileType = image.png; path = "P_button_pressed@2x.png"; sourceTree = "<group>"; };
		E4518F591771D84C00DBEF95 /* P_button@2x.png */ = {isa = PBXFileReference; lastKnownFileType = image.png; path = "P_button@2x.png"; sourceTree = "<group>"; };
		E4518F5C1771DA3700DBEF95 /* location_nav@2x.png */ = {isa = PBXFileReference; lastKnownFileType = image.png; path = "location_nav@2x.png"; sourceTree = "<group>"; };
		E4518F5E1771DD3000DBEF95 /* cancel_button_pressed@2x.png */ = {isa = PBXFileReference; lastKnownFileType = image.png; path = "cancel_button_pressed@2x.png"; sourceTree = "<group>"; };
		E4518F5F1771DD3000DBEF95 /* cancel_button@2x.png */ = {isa = PBXFileReference; lastKnownFileType = image.png; path = "cancel_button@2x.png"; sourceTree = "<group>"; };
		E4650A051759C912002DF6FF /* SystemConfiguration.framework */ = {isa = PBXFileReference; lastKnownFileType = wrapper.framework; name = SystemConfiguration.framework; path = System/Library/Frameworks/SystemConfiguration.framework; sourceTree = SDKROOT; };
		E4650A071759C93D002DF6FF /* MobileCoreServices.framework */ = {isa = PBXFileReference; lastKnownFileType = wrapper.framework; name = MobileCoreServices.framework; path = System/Library/Frameworks/MobileCoreServices.framework; sourceTree = SDKROOT; };
		E46DC12A17700BE100F41711 /* alarm_new_button@2x.png */ = {isa = PBXFileReference; lastKnownFileType = image.png; path = "alarm_new_button@2x.png"; sourceTree = "<group>"; };
		E48D99AB177298D700E4801B /* RTGuidViewController.h */ = {isa = PBXFileReference; fileEncoding = 4; lastKnownFileType = sourcecode.c.h; path = RTGuidViewController.h; sourceTree = "<group>"; };
		E48D99AC177298D700E4801B /* RTGuidViewController.m */ = {isa = PBXFileReference; fileEncoding = 4; lastKnownFileType = sourcecode.c.objc; path = RTGuidViewController.m; sourceTree = "<group>"; };
		E48D99AD177298D700E4801B /* RTGuidViewController.xib */ = {isa = PBXFileReference; fileEncoding = 4; lastKnownFileType = file.xib; path = RTGuidViewController.xib; sourceTree = "<group>"; };
		E48D99B0177299AC00E4801B /* guid_down_page@2x.png */ = {isa = PBXFileReference; lastKnownFileType = image.png; path = "guid_down_page@2x.png"; sourceTree = "<group>"; };
		E48D99B1177299AC00E4801B /* guid_up_page@2x.png */ = {isa = PBXFileReference; lastKnownFileType = image.png; path = "guid_up_page@2x.png"; sourceTree = "<group>"; };
		E48D99B41772D8FB00E4801B /* Icon.png */ = {isa = PBXFileReference; lastKnownFileType = image.png; path = Icon.png; sourceTree = "<group>"; };
		E48D99B61772D90100E4801B /* Icon@2x.png */ = {isa = PBXFileReference; lastKnownFileType = image.png; path = "Icon@2x.png"; sourceTree = "<group>"; };
		E48F6C04176341E300F1A822 /* msg_button_pressed@2x.png */ = {isa = PBXFileReference; lastKnownFileType = image.png; path = "msg_button_pressed@2x.png"; sourceTree = "<group>"; };
		E48F6C06176342A400F1A822 /* alarm_button_pressed@2x.png */ = {isa = PBXFileReference; lastKnownFileType = image.png; path = "alarm_button_pressed@2x.png"; sourceTree = "<group>"; };
		E48F6C081763449300F1A822 /* send_button_pressed@2x.png */ = {isa = PBXFileReference; lastKnownFileType = image.png; path = "send_button_pressed@2x.png"; sourceTree = "<group>"; };
		E48F6C0C176344D700F1A822 /* send_button@2x.png */ = {isa = PBXFileReference; lastKnownFileType = image.png; path = "send_button@2x.png"; sourceTree = "<group>"; };
		E48F6C0D176344D700F1A822 /* textbox_bg@2x.png */ = {isa = PBXFileReference; lastKnownFileType = image.png; path = "textbox_bg@2x.png"; sourceTree = "<group>"; };
		E48F6C1017635D2900F1A822 /* MyLocationAnnotation.h */ = {isa = PBXFileReference; fileEncoding = 4; lastKnownFileType = sourcecode.c.h; path = MyLocationAnnotation.h; sourceTree = "<group>"; };
		E48F6C1117635D2900F1A822 /* MyLocationAnnotation.m */ = {isa = PBXFileReference; fileEncoding = 4; lastKnownFileType = sourcecode.c.objc; path = MyLocationAnnotation.m; sourceTree = "<group>"; };
		E49877FB174CC81100ABA65E /* NetAction.h */ = {isa = PBXFileReference; fileEncoding = 4; lastKnownFileType = sourcecode.c.h; path = NetAction.h; sourceTree = "<group>"; };
		E49877FC174CC81100ABA65E /* NetAction.m */ = {isa = PBXFileReference; fileEncoding = 4; lastKnownFileType = sourcecode.c.objc; path = NetAction.m; sourceTree = "<group>"; };
		E4A74B4D176DB5E1006CA6FC /* BaseAdapterContent.h */ = {isa = PBXFileReference; fileEncoding = 4; lastKnownFileType = sourcecode.c.h; path = BaseAdapterContent.h; sourceTree = "<group>"; };
		E4A74B4E176DB5E1006CA6FC /* BaseAdapterContent.m */ = {isa = PBXFileReference; fileEncoding = 4; lastKnownFileType = sourcecode.c.objc; path = BaseAdapterContent.m; sourceTree = "<group>"; };
		E4A74B50176DB6CB006CA6FC /* RTMessageAdapter.h */ = {isa = PBXFileReference; fileEncoding = 4; lastKnownFileType = sourcecode.c.h; path = RTMessageAdapter.h; sourceTree = "<group>"; };
		E4A74B51176DB6CB006CA6FC /* RTMessageAdapter.m */ = {isa = PBXFileReference; fileEncoding = 4; lastKnownFileType = sourcecode.c.objc; path = RTMessageAdapter.m; sourceTree = "<group>"; };
		E4A74B55176DBF88006CA6FC /* notice_bubble@2x.png */ = {isa = PBXFileReference; lastKnownFileType = image.png; path = "notice_bubble@2x.png"; sourceTree = "<group>"; };
		E4D69764175F797300833BD6 /* map_stop@2x.png */ = {isa = PBXFileReference; lastKnownFileType = image.png; path = "map_stop@2x.png"; sourceTree = "<group>"; };
		E4D69765175F797300833BD6 /* map_move@2x.png */ = {isa = PBXFileReference; lastKnownFileType = image.png; path = "map_move@2x.png"; sourceTree = "<group>"; };
		E4FE890E175D8836006ABA6D /* JMBaseListViewController.h */ = {isa = PBXFileReference; fileEncoding = 4; lastKnownFileType = sourcecode.c.h; path = JMBaseListViewController.h; sourceTree = "<group>"; };
		E4FE890F175D8836006ABA6D /* JMBaseListViewController.m */ = {isa = PBXFileReference; fileEncoding = 4; lastKnownFileType = sourcecode.c.objc; path = JMBaseListViewController.m; sourceTree = "<group>"; };
		E4FE8911175D8863006ABA6D /* EGORefreshTableFootView.h */ = {isa = PBXFileReference; fileEncoding = 4; lastKnownFileType = sourcecode.c.h; path = EGORefreshTableFootView.h; sourceTree = "<group>"; };
		E4FE8912175D8863006ABA6D /* EGORefreshTableFootView.m */ = {isa = PBXFileReference; fileEncoding = 4; lastKnownFileType = sourcecode.c.objc; path = EGORefreshTableFootView.m; sourceTree = "<group>"; };
		E4FE8914175D8E5D006ABA6D /* BaseCell.h */ = {isa = PBXFileReference; fileEncoding = 4; lastKnownFileType = sourcecode.c.h; path = BaseCell.h; sourceTree = "<group>"; };
		E4FE8915175D8E5D006ABA6D /* BaseCell.m */ = {isa = PBXFileReference; fileEncoding = 4; lastKnownFileType = sourcecode.c.objc; path = BaseCell.m; sourceTree = "<group>"; };
/* End PBXFileReference section */

/* Begin PBXFrameworksBuildPhase section */
		E4100115174A0CFC00CE3092 /* Frameworks */ = {
			isa = PBXFrameworksBuildPhase;
			buildActionMask = 2147483647;
			files = (
				E4650A061759C912002DF6FF /* SystemConfiguration.framework in Frameworks */,
				E43978AD174C6D0D009FD529 /* libstdc++.dylib in Frameworks */,
				E4397889174C623E009FD529 /* MapKit.framework in Frameworks */,
				E4397865174C5D5E009FD529 /* QuartzCore.framework in Frameworks */,
				E4397863174C5D58009FD529 /* CoreLocation.framework in Frameworks */,
				E410011C174A0CFC00CE3092 /* UIKit.framework in Frameworks */,
				E410011E174A0CFC00CE3092 /* Foundation.framework in Frameworks */,
				E4100120174A0CFC00CE3092 /* CoreGraphics.framework in Frameworks */,
				E4397861174C5CC0009FD529 /* libbaidumapapi.a in Frameworks */,
			);
			runOnlyForDeploymentPostprocessing = 0;
		};
/* End PBXFrameworksBuildPhase section */

/* Begin PBXGroup section */
		E410010F174A0CFC00CE3092 = {
			isa = PBXGroup;
			children = (
				E48D99B61772D90100E4801B /* Icon@2x.png */,
				E48D99B41772D8FB00E4801B /* Icon.png */,
				E4100121174A0CFC00CE3092 /* Police */,
				E410011A174A0CFC00CE3092 /* Frameworks */,
				E4100119174A0CFC00CE3092 /* Products */,
			);
			sourceTree = "<group>";
		};
		E4100119174A0CFC00CE3092 /* Products */ = {
			isa = PBXGroup;
			children = (
				E4100118174A0CFC00CE3092 /* Police.app */,
			);
			name = Products;
			sourceTree = "<group>";
		};
		E410011A174A0CFC00CE3092 /* Frameworks */ = {
			isa = PBXGroup;
			children = (
				E4650A071759C93D002DF6FF /* MobileCoreServices.framework */,
				E4650A051759C912002DF6FF /* SystemConfiguration.framework */,
				E43978AC174C6D0D009FD529 /* libstdc++.dylib */,
				E4397888174C623E009FD529 /* MapKit.framework */,
				E4397864174C5D5E009FD529 /* QuartzCore.framework */,
				E4397862174C5D58009FD529 /* CoreLocation.framework */,
				E410011B174A0CFC00CE3092 /* UIKit.framework */,
				E410011D174A0CFC00CE3092 /* Foundation.framework */,
				E410011F174A0CFC00CE3092 /* CoreGraphics.framework */,
			);
			name = Frameworks;
			sourceTree = "<group>";
		};
		E4100121174A0CFC00CE3092 /* Police */ = {
			isa = PBXGroup;
			children = (
				E4100182174A145D00CE3092 /* Resource */,
				E410014C174A122F00CE3092 /* libs */,
				E410016E174A12A000CE3092 /* Net */,
				E4100176174A13CF00CE3092 /* Category */,
				E4100180174A142F00CE3092 /* UtileView */,
				E4100181174A143F00CE3092 /* ViewController */,
				E4397887174C5E80009FD529 /* JMDebug.h */,
				E4397886174C5E50009FD529 /* global.h */,
				E410012A174A0CFC00CE3092 /* RTAppDelegate.h */,
				E410012B174A0CFC00CE3092 /* RTAppDelegate.m */,
				E4100122174A0CFC00CE3092 /* Supporting Files */,
			);
			path = Police;
			sourceTree = "<group>";
		};
		E4100122174A0CFC00CE3092 /* Supporting Files */ = {
			isa = PBXGroup;
			children = (
				E4100123174A0CFC00CE3092 /* Police-Info.plist */,
				E4100124174A0CFC00CE3092 /* InfoPlist.strings */,
				E4100127174A0CFC00CE3092 /* main.m */,
				E4100129174A0CFC00CE3092 /* Police-Prefix.pch */,
				E410012D174A0CFC00CE3092 /* Default.png */,
				E410012F174A0CFC00CE3092 /* Default@2x.png */,
				E4100131174A0CFC00CE3092 /* Default-568h@2x.png */,
			);
			name = "Supporting Files";
			sourceTree = "<group>";
		};
		E410014C174A122F00CE3092 /* libs */ = {
			isa = PBXGroup;
			children = (
				E4397868174C5D98009FD529 /* baiduMap */,
				E410014D174A124D00CE3092 /* AFNetworking */,
				E4100161174A124D00CE3092 /* JsonKit */,
			);
			name = libs;
			sourceTree = "<group>";
		};
		E410014D174A124D00CE3092 /* AFNetworking */ = {
			isa = PBXGroup;
			children = (
				E410014E174A124D00CE3092 /* AFHTTPClient.h */,
				E410014F174A124D00CE3092 /* AFHTTPClient.m */,
				E4100150174A124D00CE3092 /* AFHTTPRequestOperation.h */,
				E4100151174A124D00CE3092 /* AFHTTPRequestOperation.m */,
				E4100152174A124D00CE3092 /* AFImageRequestOperation.h */,
				E4100153174A124D00CE3092 /* AFImageRequestOperation.m */,
				E4100154174A124D00CE3092 /* AFJSONRequestOperation.h */,
				E4100155174A124D00CE3092 /* AFJSONRequestOperation.m */,
				E4100156174A124D00CE3092 /* AFNetworkActivityIndicatorManager.h */,
				E4100157174A124D00CE3092 /* AFNetworkActivityIndicatorManager.m */,
				E4100158174A124D00CE3092 /* AFNetworking.h */,
				E4100159174A124D00CE3092 /* AFPropertyListRequestOperation.h */,
				E410015A174A124D00CE3092 /* AFPropertyListRequestOperation.m */,
				E410015B174A124D00CE3092 /* AFURLConnectionOperation.h */,
				E410015C174A124D00CE3092 /* AFURLConnectionOperation.m */,
				E410015D174A124D00CE3092 /* AFXMLRequestOperation.h */,
				E410015E174A124D00CE3092 /* AFXMLRequestOperation.m */,
				E410015F174A124D00CE3092 /* UIImageView+AFNetworking.h */,
				E4100160174A124D00CE3092 /* UIImageView+AFNetworking.m */,
			);
			path = AFNetworking;
			sourceTree = "<group>";
		};
		E4100161174A124D00CE3092 /* JsonKit */ = {
			isa = PBXGroup;
			children = (
				E4100162174A124D00CE3092 /* JSONKit.h */,
				E4100163174A124D00CE3092 /* JSONKit.m */,
			);
			path = JsonKit;
			sourceTree = "<group>";
		};
		E410016E174A12A000CE3092 /* Net */ = {
			isa = PBXGroup;
			children = (
				E43003F4174FAB5900D9B2EE /* UserInfo.h */,
				E43003F5174FAB5900D9B2EE /* UserInfo.m */,
				E410016F174A12DD00CE3092 /* URLDefine.h */,
				E4100170174A12DD00CE3092 /* JMClient.h */,
				E4100171174A12DD00CE3092 /* JMClient.m */,
				E4100172174A12DD00CE3092 /* JMBasicAction.h */,
				E4100173174A12DD00CE3092 /* JMBasicAction.m */,
				E49877FB174CC81100ABA65E /* NetAction.h */,
				E49877FC174CC81100ABA65E /* NetAction.m */,
			);
			name = Net;
			sourceTree = "<group>";
		};
		E4100176174A13CF00CE3092 /* Category */ = {
			isa = PBXGroup;
			children = (
				E4100177174A140600CE3092 /* UIView+GeometryAddition.h */,
				E4100178174A140600CE3092 /* UIView+GeometryAddition.m */,
				E4100179174A140600CE3092 /* UIView+AnimationAddition.h */,
				E410017A174A140600CE3092 /* UIView+AnimationAddition.m */,
				E410017B174A140600CE3092 /* NSString+Addition.h */,
				E410017C174A140600CE3092 /* NSString+Addition.m */,
			);
			name = Category;
			sourceTree = "<group>";
		};
		E4100180174A142F00CE3092 /* UtileView */ = {
			isa = PBXGroup;
			children = (
				E4100183174A148300CE3092 /* MBProgressHUD.h */,
				E4100184174A148300CE3092 /* MBProgressHUD.m */,
				E4518F501771AD7500DBEF95 /* MaskView.h */,
				E4518F511771AD7500DBEF95 /* MaskView.m */,
				E413436A175C8A6C00802E38 /* UtilityWidget.h */,
				E413436B175C8A6C00802E38 /* UtilityWidget.m */,
				E4FE8911175D8863006ABA6D /* EGORefreshTableFootView.h */,
				E4FE8912175D8863006ABA6D /* EGORefreshTableFootView.m */,
				E419B857175DBF6000681289 /* HPGrowingTextView.h */,
				E419B858175DBF6000681289 /* HPGrowingTextView.m */,
				E419B859175DBF6000681289 /* HPTextViewInternal.h */,
				E419B85A175DBF6000681289 /* HPTextViewInternal.m */,
			);
			name = UtileView;
			sourceTree = "<group>";
		};
		E4100181174A143F00CE3092 /* ViewController */ = {
			isa = PBXGroup;
			children = (
				E4478CE9175F121600FD2BF3 /* commonHelper */,
				E4FE890D175D881E006ABA6D /* BaseViewController */,
				E419B860175DC67800681289 /* MessageController */,
				E4100133174A0CFC00CE3092 /* RTFirstViewController.h */,
				E4100134174A0CFC00CE3092 /* RTFirstViewController.m */,
				E4100141174A0CFC00CE3092 /* RTFirstViewController.xib */,
				E48D99AB177298D700E4801B /* RTGuidViewController.h */,
				E48D99AC177298D700E4801B /* RTGuidViewController.m */,
				E48D99AD177298D700E4801B /* RTGuidViewController.xib */,
			);
			name = ViewController;
			sourceTree = "<group>";
		};
		E4100182174A145D00CE3092 /* Resource */ = {
			isa = PBXGroup;
			children = (
				E4132F5417781EA400E703F6 /* police_avatar@2x.png */,
				E4132F501777EC5200E703F6 /* guid_iPhone4@2x.png */,
				E4132F511777EC5200E703F6 /* guid_iPhone5@2x.png */,
				E4518F5E1771DD3000DBEF95 /* cancel_button_pressed@2x.png */,
				E4518F5F1771DD3000DBEF95 /* cancel_button@2x.png */,
				E4518F581771D84C00DBEF95 /* P_button_pressed@2x.png */,
				E4518F591771D84C00DBEF95 /* P_button@2x.png */,
				E40AA1FB176D861C00DE68FA /* notice_bg@2x.png */,
				E4A74B55176DBF88006CA6FC /* notice_bubble@2x.png */,
				E419B86E175DDEA000681289 /* map_car_icon@2x.png */,
				E419B870175DE18D00681289 /* middle_button_on@2x.png */,
				E419B871175DE18D00681289 /* middle_ radar_on@2x.png */,
				E46DC12A17700BE100F41711 /* alarm_new_button@2x.png */,
				E419B874175DE21F00681289 /* alarm_button@2x.png */,
				E48F6C06176342A400F1A822 /* alarm_button_pressed@2x.png */,
				E419B875175DE21F00681289 /* msg_button@2x.png */,
				E48F6C04176341E300F1A822 /* msg_button_pressed@2x.png */,
				E419B877175DE21F00681289 /* light_icon@2x.png */,
				E419B879175DE21F00681289 /* toolbar_bg@2x.png */,
				E41C328D175E0D2D00F9D8A0 /* middle_button_off@2x.png */,
				E4D69764175F797300833BD6 /* map_stop@2x.png */,
				E4D69765175F797300833BD6 /* map_move@2x.png */,
				E48F6C081763449300F1A822 /* send_button_pressed@2x.png */,
				E48F6C0C176344D700F1A822 /* send_button@2x.png */,
				E48F6C0D176344D700F1A822 /* textbox_bg@2x.png */,
				E4518F541771D5C300DBEF95 /* address_location_icon@2x.png */,
				E4518F551771D5C300DBEF95 /* address_bg@2x.png */,
				E4518F5C1771DA3700DBEF95 /* location_nav@2x.png */,
				E48D99B0177299AC00E4801B /* guid_down_page@2x.png */,
				E48D99B1177299AC00E4801B /* guid_up_page@2x.png */,
			);
			name = Resource;
			sourceTree = "<group>";
		};
		E419B860175DC67800681289 /* MessageController */ = {
			isa = PBXGroup;
			children = (
				E419B85D175DBFD900681289 /* RTSendMessageViewController.h */,
				E419B85E175DBFD900681289 /* RTSendMessageViewController.m */,
				E419B861175DC6F100681289 /* RTMessageListViewController.h */,
				E419B862175DC6F100681289 /* RTMessageListViewController.m */,
				E419B863175DC6F100681289 /* RTMessageListViewController.xib */,
				E419B86B175DCA7500681289 /* RTMessageCell.h */,
				E419B86C175DCA7500681289 /* RTMessageCell.m */,
				E4A74B50176DB6CB006CA6FC /* RTMessageAdapter.h */,
				E4A74B51176DB6CB006CA6FC /* RTMessageAdapter.m */,
			);
			name = MessageController;
			sourceTree = "<group>";
		};
		E4397868174C5D98009FD529 /* baiduMap */ = {
			isa = PBXGroup;
			children = (
				E4397869174C5DDC009FD529 /* BMapKit.h */,
				E439786A174C5DDC009FD529 /* BMKAnnotation.h */,
				E439786B174C5DDC009FD529 /* BMKAnnotationView.h */,
				E439786C174C5DDC009FD529 /* BMKCircle.h */,
				E439786D174C5DDC009FD529 /* BMKCircleView.h */,
				E439786E174C5DDC009FD529 /* BMKGeneralDelegate.h */,
				E439786F174C5DDC009FD529 /* BMKGeocodeType.h */,
				E4397870174C5DDC009FD529 /* BMKGeometry.h */,
				E4397871174C5DDC009FD529 /* BMKMapManager.h */,
				E4397872174C5DDC009FD529 /* BMKMapView.h */,
				E4397873174C5DDC009FD529 /* BMKMultiPoint.h */,
				E4397874174C5DDC009FD529 /* BMKOfflineMap.h */,
				E4397875174C5DDC009FD529 /* BMKOfflineMapType.h */,
				E4397876174C5DDC009FD529 /* BMKOverlay.h */,
				E4397877174C5DDC009FD529 /* BMKOverlayPathView.h */,
				E4397878174C5DDC009FD529 /* BMKOverlayView.h */,
				E4397879174C5DDC009FD529 /* BMKPinAnnotationView.h */,
				E439787A174C5DDC009FD529 /* BMKPointAnnotation.h */,
				E439787B174C5DDC009FD529 /* BMKPoiSearchType.h */,
				E439787C174C5DDC009FD529 /* BMKPolygon.h */,
				E439787D174C5DDC009FD529 /* BMKPolygonView.h */,
				E439787E174C5DDC009FD529 /* BMKPolyline.h */,
				E439787F174C5DDC009FD529 /* BMKPolylineView.h */,
				E4397880174C5DDC009FD529 /* BMKRouteSearchType.h */,
				E4397881174C5DDC009FD529 /* BMKSearch.h */,
				E4397882174C5DDC009FD529 /* BMKShape.h */,
				E4397883174C5DDC009FD529 /* BMKTypes.h */,
				E4397884174C5DDC009FD529 /* BMKUserLocation.h */,
				E4397885174C5DDC009FD529 /* BMKVersion.h */,
				E4397866174C5D90009FD529 /* mapapi.bundle */,
				E4397860174C5CC0009FD529 /* libbaidumapapi.a */,
			);
			name = baiduMap;
			sourceTree = "<group>";
		};
		E4478CE9175F121600FD2BF3 /* commonHelper */ = {
			isa = PBXGroup;
			children = (
				E48F6C1017635D2900F1A822 /* MyLocationAnnotation.h */,
				E48F6C1117635D2900F1A822 /* MyLocationAnnotation.m */,
				E4478CEA175F124100FD2BF3 /* AlarmAnnotation.h */,
				E4478CEB175F124100FD2BF3 /* AlarmAnnotation.m */,
			);
			name = commonHelper;
			sourceTree = "<group>";
		};
		E4FE890D175D881E006ABA6D /* BaseViewController */ = {
			isa = PBXGroup;
			children = (
				E4FE890E175D8836006ABA6D /* JMBaseListViewController.h */,
				E4FE890F175D8836006ABA6D /* JMBaseListViewController.m */,
				E4FE8914175D8E5D006ABA6D /* BaseCell.h */,
				E4FE8915175D8E5D006ABA6D /* BaseCell.m */,
				E4A74B4D176DB5E1006CA6FC /* BaseAdapterContent.h */,
				E4A74B4E176DB5E1006CA6FC /* BaseAdapterContent.m */,
			);
			name = BaseViewController;
			sourceTree = "<group>";
		};
/* End PBXGroup section */

/* Begin PBXNativeTarget section */
		E4100117174A0CFC00CE3092 /* Police */ = {
			isa = PBXNativeTarget;
			buildConfigurationList = E4100149174A0CFC00CE3092 /* Build configuration list for PBXNativeTarget "Police" */;
			buildPhases = (
				E4100114174A0CFC00CE3092 /* Sources */,
				E4100115174A0CFC00CE3092 /* Frameworks */,
				E4100116174A0CFC00CE3092 /* Resources */,
			);
			buildRules = (
			);
			dependencies = (
			);
			name = Police;
			productName = Police;
			productReference = E4100118174A0CFC00CE3092 /* Police.app */;
			productType = "com.apple.product-type.application";
		};
/* End PBXNativeTarget section */

/* Begin PBXProject section */
		E4100110174A0CFC00CE3092 /* Project object */ = {
			isa = PBXProject;
			attributes = {
				CLASSPREFIX = RT;
				LastUpgradeCheck = 0460;
				ORGANIZATIONNAME = realtech;
			};
			buildConfigurationList = E4100113174A0CFC00CE3092 /* Build configuration list for PBXProject "Police" */;
			compatibilityVersion = "Xcode 3.2";
			developmentRegion = English;
			hasScannedForEncodings = 0;
			knownRegions = (
				en,
			);
			mainGroup = E410010F174A0CFC00CE3092;
			productRefGroup = E4100119174A0CFC00CE3092 /* Products */;
			projectDirPath = "";
			projectRoot = "";
			targets = (
				E4100117174A0CFC00CE3092 /* Police */,
			);
		};
/* End PBXProject section */

/* Begin PBXResourcesBuildPhase section */
		E4100116174A0CFC00CE3092 /* Resources */ = {
			isa = PBXResourcesBuildPhase;
			buildActionMask = 2147483647;
			files = (
				E4100126174A0CFC00CE3092 /* InfoPlist.strings in Resources */,
				E410012E174A0CFC00CE3092 /* Default.png in Resources */,
				E4100130174A0CFC00CE3092 /* Default@2x.png in Resources */,
				E4100132174A0CFC00CE3092 /* Default-568h@2x.png in Resources */,
				E4100143174A0CFC00CE3092 /* RTFirstViewController.xib in Resources */,
				E4397867174C5D90009FD529 /* mapapi.bundle in Resources */,
				E419B865175DC6F100681289 /* RTMessageListViewController.xib in Resources */,
				E419B86F175DDEA000681289 /* map_car_icon@2x.png in Resources */,
				E419B872175DE18D00681289 /* middle_button_on@2x.png in Resources */,
				E419B873175DE18D00681289 /* middle_ radar_on@2x.png in Resources */,
				E419B87A175DE21F00681289 /* alarm_button@2x.png in Resources */,
				E419B87B175DE21F00681289 /* msg_button@2x.png in Resources */,
				E419B87D175DE21F00681289 /* light_icon@2x.png in Resources */,
				E419B87F175DE21F00681289 /* toolbar_bg@2x.png in Resources */,
				E41C328E175E0D2D00F9D8A0 /* middle_button_off@2x.png in Resources */,
				E4D69766175F797400833BD6 /* map_stop@2x.png in Resources */,
				E4D69767175F797400833BD6 /* map_move@2x.png in Resources */,
				E48F6C05176341E300F1A822 /* msg_button_pressed@2x.png in Resources */,
				E48F6C07176342A400F1A822 /* alarm_button_pressed@2x.png in Resources */,
				E48F6C0A1763449300F1A822 /* send_button_pressed@2x.png in Resources */,
				E48F6C0E176344D700F1A822 /* send_button@2x.png in Resources */,
				E48F6C0F176344D700F1A822 /* textbox_bg@2x.png in Resources */,
				E40AA1FC176D861C00DE68FA /* notice_bg@2x.png in Resources */,
				E4A74B56176DBF88006CA6FC /* notice_bubble@2x.png in Resources */,
				E46DC12B17700BE100F41711 /* alarm_new_button@2x.png in Resources */,
				E4518F561771D5C300DBEF95 /* address_location_icon@2x.png in Resources */,
				E4518F571771D5C300DBEF95 /* address_bg@2x.png in Resources */,
				E4518F5A1771D84C00DBEF95 /* P_button_pressed@2x.png in Resources */,
				E4518F5B1771D84C00DBEF95 /* P_button@2x.png in Resources */,
				E4518F5D1771DA3700DBEF95 /* location_nav@2x.png in Resources */,
				E4518F601771DD3100DBEF95 /* cancel_button_pressed@2x.png in Resources */,
				E4518F611771DD3100DBEF95 /* cancel_button@2x.png in Resources */,
				E48D99AF177298D700E4801B /* RTGuidViewController.xib in Resources */,
				E48D99B2177299AC00E4801B /* guid_down_page@2x.png in Resources */,
				E48D99B3177299AC00E4801B /* guid_up_page@2x.png in Resources */,
				E48D99B51772D8FC00E4801B /* Icon.png in Resources */,
				E48D99B71772D90100E4801B /* Icon@2x.png in Resources */,
				E4132F521777EC5200E703F6 /* guid_iPhone4@2x.png in Resources */,
				E4132F531777EC5200E703F6 /* guid_iPhone5@2x.png in Resources */,
				E4132F5517781EA400E703F6 /* police_avatar@2x.png in Resources */,
			);
			runOnlyForDeploymentPostprocessing = 0;
		};
/* End PBXResourcesBuildPhase section */

/* Begin PBXSourcesBuildPhase section */
		E4100114174A0CFC00CE3092 /* Sources */ = {
			isa = PBXSourcesBuildPhase;
			buildActionMask = 2147483647;
			files = (
				E4100128174A0CFC00CE3092 /* main.m in Sources */,
				E410012C174A0CFC00CE3092 /* RTAppDelegate.m in Sources */,
				E4100135174A0CFC00CE3092 /* RTFirstViewController.m in Sources */,
				E4100164174A124D00CE3092 /* AFHTTPClient.m in Sources */,
				E4100165174A124D00CE3092 /* AFHTTPRequestOperation.m in Sources */,
				E4100166174A124D00CE3092 /* AFImageRequestOperation.m in Sources */,
				E4100167174A124D00CE3092 /* AFJSONRequestOperation.m in Sources */,
				E4100168174A124D00CE3092 /* AFNetworkActivityIndicatorManager.m in Sources */,
				E4100169174A124D00CE3092 /* AFPropertyListRequestOperation.m in Sources */,
				E410016A174A124D00CE3092 /* AFURLConnectionOperation.m in Sources */,
				E410016B174A124D00CE3092 /* AFXMLRequestOperation.m in Sources */,
				E410016C174A124D00CE3092 /* UIImageView+AFNetworking.m in Sources */,
				E410016D174A124D00CE3092 /* JSONKit.m in Sources */,
				E4100174174A12DD00CE3092 /* JMClient.m in Sources */,
				E4100175174A12DD00CE3092 /* JMBasicAction.m in Sources */,
				E410017D174A140600CE3092 /* UIView+GeometryAddition.m in Sources */,
				E410017E174A140600CE3092 /* UIView+AnimationAddition.m in Sources */,
				E410017F174A140600CE3092 /* NSString+Addition.m in Sources */,
				E4100185174A148300CE3092 /* MBProgressHUD.m in Sources */,
				E49877FD174CC81100ABA65E /* NetAction.m in Sources */,
				E43003F6174FAB5900D9B2EE /* UserInfo.m in Sources */,
				E413436C175C8A6C00802E38 /* UtilityWidget.m in Sources */,
				E4FE8910175D8836006ABA6D /* JMBaseListViewController.m in Sources */,
				E4FE8913175D8863006ABA6D /* EGORefreshTableFootView.m in Sources */,
				E4FE8916175D8E5D006ABA6D /* BaseCell.m in Sources */,
				E419B85B175DBF6000681289 /* HPGrowingTextView.m in Sources */,
				E419B85C175DBF6000681289 /* HPTextViewInternal.m in Sources */,
				E419B85F175DBFD900681289 /* RTSendMessageViewController.m in Sources */,
				E419B864175DC6F100681289 /* RTMessageListViewController.m in Sources */,
				E419B86D175DCA7500681289 /* RTMessageCell.m in Sources */,
				E4478CEC175F124100FD2BF3 /* AlarmAnnotation.m in Sources */,
				E48F6C1217635D2900F1A822 /* MyLocationAnnotation.m in Sources */,
				E4A74B4F176DB5E1006CA6FC /* BaseAdapterContent.m in Sources */,
				E4A74B52176DB6CB006CA6FC /* RTMessageAdapter.m in Sources */,
				E4518F521771AD7500DBEF95 /* MaskView.m in Sources */,
				E48D99AE177298D700E4801B /* RTGuidViewController.m in Sources */,
			);
			runOnlyForDeploymentPostprocessing = 0;
		};
/* End PBXSourcesBuildPhase section */

/* Begin PBXVariantGroup section */
		E4100124174A0CFC00CE3092 /* InfoPlist.strings */ = {
			isa = PBXVariantGroup;
			children = (
				E4100125174A0CFC00CE3092 /* en */,
			);
			name = InfoPlist.strings;
			sourceTree = "<group>";
		};
		E4100141174A0CFC00CE3092 /* RTFirstViewController.xib */ = {
			isa = PBXVariantGroup;
			children = (
				E4100142174A0CFC00CE3092 /* en */,
			);
			name = RTFirstViewController.xib;
			sourceTree = "<group>";
		};
/* End PBXVariantGroup section */

/* Begin XCBuildConfiguration section */
		E4100147174A0CFC00CE3092 /* Debug */ = {
			isa = XCBuildConfiguration;
			buildSettings = {
				ALWAYS_SEARCH_USER_PATHS = NO;
				CLANG_CXX_LANGUAGE_STANDARD = "gnu++98";
				CLANG_CXX_LIBRARY = "libstdc++";
				CLANG_ENABLE_OBJC_ARC = YES;
				CLANG_WARN_CONSTANT_CONVERSION = YES;
				CLANG_WARN_EMPTY_BODY = YES;
				CLANG_WARN_ENUM_CONVERSION = YES;
				CLANG_WARN_INT_CONVERSION = YES;
				CLANG_WARN__DUPLICATE_METHOD_MATCH = YES;
				CODE_SIGN_IDENTITY = "iPhone Distribution: Yimeng Wang (39453QM9H9)";
				"CODE_SIGN_IDENTITY[sdk=iphoneos*]" = "iPhone Distribution: Yimeng Wang (39453QM9H9)";
				COPY_PHASE_STRIP = NO;
				GCC_C_LANGUAGE_STANDARD = gnu99;
				GCC_DYNAMIC_NO_PIC = NO;
				GCC_OPTIMIZATION_LEVEL = 0;
				GCC_PREPROCESSOR_DEFINITIONS = (
					"DEBUG=1",
					"$(inherited)",
				);
				GCC_SYMBOLS_PRIVATE_EXTERN = NO;
				GCC_WARN_ABOUT_RETURN_TYPE = YES;
				GCC_WARN_UNINITIALIZED_AUTOS = YES;
				GCC_WARN_UNUSED_VARIABLE = YES;
				IPHONEOS_DEPLOYMENT_TARGET = 4.3;
				ONLY_ACTIVE_ARCH = YES;
				OTHER_LDFLAGS = "-all_load";
				PROVISIONING_PROFILE = "9C549BBA-EC6E-4994-B75E-68531FC98CC1";
				"PROVISIONING_PROFILE[sdk=iphoneos*]" = "9C549BBA-EC6E-4994-B75E-68531FC98CC1";
				SDKROOT = iphoneos;
			};
			name = Debug;
		};
		E4100148174A0CFC00CE3092 /* Release */ = {
			isa = XCBuildConfiguration;
			buildSettings = {
				ALWAYS_SEARCH_USER_PATHS = NO;
				CLANG_CXX_LANGUAGE_STANDARD = "gnu++98";
				CLANG_CXX_LIBRARY = "libstdc++";
				CLANG_ENABLE_OBJC_ARC = YES;
				CLANG_WARN_CONSTANT_CONVERSION = YES;
				CLANG_WARN_EMPTY_BODY = YES;
				CLANG_WARN_ENUM_CONVERSION = YES;
				CLANG_WARN_INT_CONVERSION = YES;
				CLANG_WARN__DUPLICATE_METHOD_MATCH = YES;
				CODE_SIGN_IDENTITY = "iPhone Distribution: Yimeng Wang (39453QM9H9)";
				"CODE_SIGN_IDENTITY[sdk=iphoneos*]" = "iPhone Distribution: Yimeng Wang (39453QM9H9)";
				COPY_PHASE_STRIP = YES;
				GCC_C_LANGUAGE_STANDARD = gnu99;
				GCC_WARN_ABOUT_RETURN_TYPE = YES;
				GCC_WARN_UNINITIALIZED_AUTOS = YES;
				GCC_WARN_UNUSED_VARIABLE = YES;
				IPHONEOS_DEPLOYMENT_TARGET = 4.3;
				OTHER_CFLAGS = "-DNS_BLOCK_ASSERTIONS=1";
				OTHER_LDFLAGS = "-all_load";
				PROVISIONING_PROFILE = "9C549BBA-EC6E-4994-B75E-68531FC98CC1";
				"PROVISIONING_PROFILE[sdk=iphoneos*]" = "B65BCDA8-786A-4B94-A181-04D17CC4C883";
				SDKROOT = iphoneos;
				VALIDATE_PRODUCT = YES;
			};
			name = Release;
		};
		E410014A174A0CFC00CE3092 /* Debug */ = {
			isa = XCBuildConfiguration;
			buildSettings = {
				CODE_SIGN_IDENTITY = "iPhone Distribution: Yimeng Wang (39453QM9H9)";
				"CODE_SIGN_IDENTITY[sdk=iphoneos*]" = "iPhone Distribution: Yimeng Wang (39453QM9H9)";
				GCC_PRECOMPILE_PREFIX_HEADER = YES;
				GCC_PREFIX_HEADER = "Police/Police-Prefix.pch";
				INFOPLIST_FILE = "Police/Police-Info.plist";
				LIBRARY_SEARCH_PATHS = (
					"$(inherited)",
					"\"$(SRCROOT)/Police\"",
				);
				PRODUCT_NAME = "$(TARGET_NAME)";
				PROVISIONING_PROFILE = "B65BCDA8-786A-4B94-A181-04D17CC4C883";
				"PROVISIONING_PROFILE[sdk=iphoneos*]" = "9C549BBA-EC6E-4994-B75E-68531FC98CC1";
				WRAPPER_EXTENSION = app;
			};
			name = Debug;
		};
		E410014B174A0CFC00CE3092 /* Release */ = {
			isa = XCBuildConfiguration;
			buildSettings = {
				CODE_SIGN_IDENTITY = "iPhone Distribution: Yimeng Wang (39453QM9H9)";
				GCC_PRECOMPILE_PREFIX_HEADER = YES;
				GCC_PREFIX_HEADER = "Police/Police-Prefix.pch";
				INFOPLIST_FILE = "Police/Police-Info.plist";
				LIBRARY_SEARCH_PATHS = (
					"$(inherited)",
					"\"$(SRCROOT)/Police\"",
				);
				PRODUCT_NAME = "$(TARGET_NAME)";
				PROVISIONING_PROFILE = "B65BCDA8-786A-4B94-A181-04D17CC4C883";
				WRAPPER_EXTENSION = app;
			};
			name = Release;
		};
/* End XCBuildConfiguration section */

/* Begin XCConfigurationList section */
		E4100113174A0CFC00CE3092 /* Build configuration list for PBXProject "Police" */ = {
			isa = XCConfigurationList;
			buildConfigurations = (
				E4100147174A0CFC00CE3092 /* Debug */,
				E4100148174A0CFC00CE3092 /* Release */,
			);
			defaultConfigurationIsVisible = 0;
			defaultConfigurationName = Release;
		};
		E4100149174A0CFC00CE3092 /* Build configuration list for PBXNativeTarget "Police" */ = {
			isa = XCConfigurationList;
			buildConfigurations = (
				E410014A174A0CFC00CE3092 /* Debug */,
				E410014B174A0CFC00CE3092 /* Release */,
			);
			defaultConfigurationIsVisible = 0;
			defaultConfigurationName = Release;
		};
/* End XCConfigurationList section */
	};
	rootObject = E4100110174A0CFC00CE3092 /* Project object */;
}
